
Microsoft Visual Studio Solution File, Format Version 12.00
# Visual Studio Version 16
VisualStudioVersion = 16.0.30223.230
MinimumVisualStudioVersion = 10.0.40219.1
Project("{9A19103F-16F7-4668-BE54-9A1E7A4F7556}") = "Miqo.EncryptedJsonConfiguration", "src\Miqo.EncryptedJsonConfiguration\Miqo.EncryptedJsonConfiguration.csproj", "{9D23BD2F-7243-48C4-9FE2-79BAD12C91A9}"
EndProject
Project("{FAE04EC0-301F-11D3-BF4B-00C04F79EFBC}") = "Miqo.EncryptedJsonConfigurationTests", "tests\Miqo.EncryptedJsonConfigurationTests\Miqo.EncryptedJsonConfigurationTests.csproj", "{84A409EC-6A0E-4D94-936C-77EA572D5C50}"
EndProject
Project("{FAE04EC0-301F-11D3-BF4B-00C04F79EFBC}") = "SampleWebAPI", "src\SampleWebAPI\SampleWebAPI.csproj", "{3D786FE9-8F84-4A6D-B177-7FFCB93B4A9C}"
EndProject
Global
	GlobalSection(SolutionConfigurationPlatforms) = preSolution
		Debug|Any CPU = Debug|Any CPU
		Release|Any CPU = Release|Any CPU
	EndGlobalSection
	GlobalSection(ProjectConfigurationPlatforms) = postSolution
		{9D23BD2F-7243-48C4-9FE2-79BAD12C91A9}.Debug|Any CPU.ActiveCfg = Debug|Any CPU
		{9D23BD2F-7243-48C4-9FE2-79BAD12C91A9}.Debug|Any CPU.Build.0 = Debug|Any CPU
		{9D23BD2F-7243-48C4-9FE2-79BAD12C91A9}.Release|Any CPU.ActiveCfg = Release|Any CPU
		{9D23BD2F-7243-48C4-9FE2-79BAD12C91A9}.Release|Any CPU.Build.0 = Release|Any CPU
		{84A409EC-6A0E-4D94-936C-77EA572D5C50}.Debug|Any CPU.ActiveCfg = Debug|Any CPU
		{84A409EC-6A0E-4D94-936C-77EA572D5C50}.Debug|Any CPU.Build.0 = Debug|Any CPU
		{84A409EC-6A0E-4D94-936C-77EA572D5C50}.Release|Any CPU.ActiveCfg = Release|Any CPU
		{84A409EC-6A0E-4D94-936C-77EA572D5C50}.Release|Any CPU.Build.0 = Release|Any CPU
		{3D786FE9-8F84-4A6D-B177-7FFCB93B4A9C}.Debug|Any CPU.ActiveCfg = Debug|Any CPU
		{3D786FE9-8F84-4A6D-B177-7FFCB93B4A9C}.Debug|Any CPU.Build.0 = Debug|Any CPU
		{3D786FE9-8F84-4A6D-B177-7FFCB93B4A9C}.Release|Any CPU.ActiveCfg = Release|Any CPU
		{3D786FE9-8F84-4A6D-B177-7FFCB93B4A9C}.Release|Any CPU.Build.0 = Release|Any CPU
	EndGlobalSection
	GlobalSection(SolutionProperties) = preSolution
		HideSolutionNode = FALSE
	EndGlobalSection
	GlobalSection(ExtensibilityGlobals) = postSolution
		SolutionGuid = {0C10BB3F-6246-4912-A0D9-FB16D9F54BA9}
	EndGlobalSection
EndGlobal
